
Microsoft Visual Studio Solution File, Format Version 12.00
# Visual Studio 15
VisualStudioVersion = 15.0.26430.15
MinimumVisualStudioVersion = 10.0.40219.1
Project("{9A19103F-16F7-4668-BE54-9A1E7A4F7556}") = "RiotGamesApi.AspNetCore", "RiotCaller.AspNetCore\RiotGamesApi.AspNetCore.csproj", "{BCA1BF27-4A1E-4756-A325-0661366DB42F}"
EndProject
Project("{9A19103F-16F7-4668-BE54-9A1E7A4F7556}") = "RiotGamesApi.Tests", "RiotCaller.Tests\RiotGamesApi.Tests.csproj", "{1D33236B-08E3-4E86-A09E-EC7DD5DF2020}"
EndProject
Project("{9A19103F-16F7-4668-BE54-9A1E7A4F7556}") = "RiotGamesApi.Web", "RiotCaller.Web\RiotGamesApi.Web.csproj", "{E6C9DA99-0B26-4563-8C7C-F565E0055380}"
EndProject
Project("{9A19103F-16F7-4668-BE54-9A1E7A4F7556}") = "RiotGamesApi.AspNetCore.RiotApi", "RiotGamesApi.AspNetCore.RiotApi\RiotGamesApi.AspNetCore.RiotApi.csproj", "{74301CD0-DA2A-496E-9E61-A5497F814A97}"
EndProject
Global
	GlobalSection(SolutionConfigurationPlatforms) = preSolution
		Debug|Any CPU = Debug|Any CPU
		Release|Any CPU = Release|Any CPU
	EndGlobalSection
	GlobalSection(ProjectConfigurationPlatforms) = postSolution
		{BCA1BF27-4A1E-4756-A325-0661366DB42F}.Debug|Any CPU.ActiveCfg = Debug|Any CPU
		{BCA1BF27-4A1E-4756-A325-0661366DB42F}.Debug|Any CPU.Build.0 = Debug|Any CPU
		{BCA1BF27-4A1E-4756-A325-0661366DB42F}.Release|Any CPU.ActiveCfg = Release|Any CPU
		{BCA1BF27-4A1E-4756-A325-0661366DB42F}.Release|Any CPU.Build.0 = Release|Any CPU
		{1D33236B-08E3-4E86-A09E-EC7DD5DF2020}.Debug|Any CPU.ActiveCfg = Debug|Any CPU
		{1D33236B-08E3-4E86-A09E-EC7DD5DF2020}.Debug|Any CPU.Build.0 = Debug|Any CPU
		{1D33236B-08E3-4E86-A09E-EC7DD5DF2020}.Release|Any CPU.ActiveCfg = Release|Any CPU
		{1D33236B-08E3-4E86-A09E-EC7DD5DF2020}.Release|Any CPU.Build.0 = Release|Any CPU
		{E6C9DA99-0B26-4563-8C7C-F565E0055380}.Debug|Any CPU.ActiveCfg = Debug|Any CPU
		{E6C9DA99-0B26-4563-8C7C-F565E0055380}.Debug|Any CPU.Build.0 = Debug|Any CPU
		{E6C9DA99-0B26-4563-8C7C-F565E0055380}.Release|Any CPU.ActiveCfg = Release|Any CPU
		{E6C9DA99-0B26-4563-8C7C-F565E0055380}.Release|Any CPU.Build.0 = Release|Any CPU
		{74301CD0-DA2A-496E-9E61-A5497F814A97}.Debug|Any CPU.ActiveCfg = Debug|Any CPU
		{74301CD0-DA2A-496E-9E61-A5497F814A97}.Debug|Any CPU.Build.0 = Debug|Any CPU
		{74301CD0-DA2A-496E-9E61-A5497F814A97}.Release|Any CPU.ActiveCfg = Release|Any CPU
		{74301CD0-DA2A-496E-9E61-A5497F814A97}.Release|Any CPU.Build.0 = Release|Any CPU
	EndGlobalSection
	GlobalSection(SolutionProperties) = preSolution
		HideSolutionNode = FALSE
	EndGlobalSection
EndGlobal
